
Microsoft Visual Studio Solution File, Format Version 12.00
# Visual Studio Version 17
VisualStudioVersion = 17.3.32929.385
MinimumVisualStudioVersion = 10.0.40219.1
Project("{FAE04EC0-301F-11D3-BF4B-00C04F79EFBC}") = "SistemaIndumaq", "SistemaIndumaq\SistemaIndumaq.csproj", "{CA127C3A-E40C-437F-95B7-EA0F9D1121A8}"
EndProject
Project("{FAE04EC0-301F-11D3-BF4B-00C04F79EFBC}") = "DataDB", "DataDB\DataDB.csproj", "{0AF93CBB-51BE-4159-B7CC-0BCF8FBC1F9E}"
EndProject
Project("{FAE04EC0-301F-11D3-BF4B-00C04F79EFBC}") = "Tipos", "Tipos\Tipos.csproj", "{549A2FA6-4EC8-4BA9-B4AC-6D8F4398FE8C}"
EndProject
Project("{FAE04EC0-301F-11D3-BF4B-00C04F79EFBC}") = "SistemaIndumaqWeb", "SistemaIndumaqWeb\SistemaIndumaqWeb.csproj", "{BD4D1071-FF63-412E-8194-003F0B8D401F}"
EndProject
Global
	GlobalSection(SolutionConfigurationPlatforms) = preSolution
		Debug|Any CPU = Debug|Any CPU
		Release|Any CPU = Release|Any CPU
	EndGlobalSection
	GlobalSection(ProjectConfigurationPlatforms) = postSolution
		{CA127C3A-E40C-437F-95B7-EA0F9D1121A8}.Debug|Any CPU.ActiveCfg = Debug|Any CPU
		{CA127C3A-E40C-437F-95B7-EA0F9D1121A8}.Debug|Any CPU.Build.0 = Debug|Any CPU
		{CA127C3A-E40C-437F-95B7-EA0F9D1121A8}.Release|Any CPU.ActiveCfg = Release|Any CPU
		{CA127C3A-E40C-437F-95B7-EA0F9D1121A8}.Release|Any CPU.Build.0 = Release|Any CPU
		{0AF93CBB-51BE-4159-B7CC-0BCF8FBC1F9E}.Debug|Any CPU.ActiveCfg = Debug|Any CPU
		{0AF93CBB-51BE-4159-B7CC-0BCF8FBC1F9E}.Debug|Any CPU.Build.0 = Debug|Any CPU
		{0AF93CBB-51BE-4159-B7CC-0BCF8FBC1F9E}.Release|Any CPU.ActiveCfg = Release|Any CPU
		{0AF93CBB-51BE-4159-B7CC-0BCF8FBC1F9E}.Release|Any CPU.Build.0 = Release|Any CPU
		{549A2FA6-4EC8-4BA9-B4AC-6D8F4398FE8C}.Debug|Any CPU.ActiveCfg = Debug|Any CPU
		{549A2FA6-4EC8-4BA9-B4AC-6D8F4398FE8C}.Debug|Any CPU.Build.0 = Debug|Any CPU
		{549A2FA6-4EC8-4BA9-B4AC-6D8F4398FE8C}.Release|Any CPU.ActiveCfg = Release|Any CPU
		{549A2FA6-4EC8-4BA9-B4AC-6D8F4398FE8C}.Release|Any CPU.Build.0 = Release|Any CPU
		{BD4D1071-FF63-412E-8194-003F0B8D401F}.Debug|Any CPU.ActiveCfg = Debug|Any CPU
		{BD4D1071-FF63-412E-8194-003F0B8D401F}.Debug|Any CPU.Build.0 = Debug|Any CPU
		{BD4D1071-FF63-412E-8194-003F0B8D401F}.Release|Any CPU.ActiveCfg = Release|Any CPU
		{BD4D1071-FF63-412E-8194-003F0B8D401F}.Release|Any CPU.Build.0 = Release|Any CPU
	EndGlobalSection
	GlobalSection(SolutionProperties) = preSolution
		HideSolutionNode = FALSE
	EndGlobalSection
	GlobalSection(ExtensibilityGlobals) = postSolution
		SolutionGuid = {3395D8F8-8300-4043-B2E6-9D5EFB2D86E5}
	EndGlobalSection
EndGlobal
